{"version":4,"terraform_version":"1.8.5","serial":8,"lineage":"f54682c6-ffc3-bacf-ac18-0ab85b81ac30","outputs":{},"resources":[{"mode":"data","type":"google_iam_policy","name":"noauth","provider":"provider[\"registry.opentofu.org/hashicorp/google\"]","instances":[{"schema_version":0,"attributes":{"audit_config":null,"binding":[{"condition":[],"members":["allUsers"],"role":"roles/run.invoker"}],"id":"3450855414","policy_data":"{\"bindings\":[{\"members\":[\"allUsers\"],\"role\":\"roles/run.invoker\"}]}"},"sensitive_attributes":[]}]},{"mode":"managed","type":"google_artifact_registry_repository","name":"exec-repo","provider":"provider[\"registry.opentofu.org/hashicorp/google\"]","instances":[{"schema_version":0,"attributes":{"cleanup_policies":[],"cleanup_policy_dry_run":false,"create_time":"2024-11-27T17:26:16.478986Z","description":"exec image docker repository","docker_config":[{"immutable_tags":true}],"effective_labels":{"goog-terraform-provisioned":"true"},"format":"DOCKER","id":"projects/intui-443016/locations/us-central1/repositories/exec-arti-repo","kms_key_name":"","labels":null,"location":"us-central1","maven_config":[],"mode":"STANDARD_REPOSITORY","name":"exec-arti-repo","project":"intui-443016","remote_repository_config":[],"repository_id":"exec-arti-repo","terraform_labels":{"goog-terraform-provisioned":"true"},"timeouts":null,"update_time":"2024-11-27T17:26:16.478986Z","virtual_repository_config":[]},"sensitive_attributes":[],"private":"eyJlMmJmYjczMC1lY2FhLTExZTYtOGY4OC0zNDM2M2JjN2M0YzAiOnsiY3JlYXRlIjoxMjAwMDAwMDAwMDAwLCJkZWxldGUiOjEyMDAwMDAwMDAwMDAsInVwZGF0ZSI6MTIwMDAwMDAwMDAwMH19"}]},{"mode":"managed","type":"google_cloud_run_service","name":"my_service","provider":"provider[\"registry.opentofu.org/hashicorp/google\"]","instances":[{"status":"tainted","schema_version":2,"attributes":{"autogenerate_revision_name":true,"id":"locations/us-central1/namespaces/intui-443016/services/exec-run-service","location":"us-central1","metadata":null,"name":"exec-run-service","project":"intui-443016","status":null,"template":[{"metadata":[],"spec":[{"container_concurrency":0,"containers":[{"args":null,"command":null,"env":[],"env_from":[],"image":"us-central1-docker.pkg.dev/intui-443016/exec-arti-repo/executor:latest","liveness_probe":[],"name":"","ports":[],"resources":[{"limits":{"cpu":"1","memory":"512Mi"},"requests":null}],"startup_probe":[],"volume_mounts":[],"working_dir":""}],"service_account_name":"","serving_state":"","timeout_seconds":0,"volumes":[]}]}],"timeouts":null,"traffic":[{"latest_revision":true,"percent":100,"revision_name":"","tag":"","url":""}]},"sensitive_attributes":[],"private":"eyJlMmJmYjczMC1lY2FhLTExZTYtOGY4OC0zNDM2M2JjN2M0YzAiOnsiY3JlYXRlIjoxMjAwMDAwMDAwMDAwLCJkZWxldGUiOjEyMDAwMDAwMDAwMDAsInVwZGF0ZSI6MTIwMDAwMDAwMDAwMH0sInNjaGVtYV92ZXJzaW9uIjoiMiJ9"}]},{"mode":"managed","type":"google_storage_bucket","name":"intui-bucket","provider":"provider[\"registry.opentofu.org/hashicorp/google\"]","instances":[{"schema_version":3,"attributes":{"autoclass":[],"cors":[],"custom_placement_config":[],"default_event_based_hold":false,"effective_labels":{"goog-terraform-provisioned":"true"},"enable_object_retention":false,"encryption":[],"force_destroy":false,"hierarchical_namespace":[{"enabled":false}],"id":"intui-bucket","labels":{},"lifecycle_rule":[],"location":"US-CENTRAL1","logging":[],"name":"intui-bucket","project":"intui-443016","project_number":113229149911,"public_access_prevention":"inherited","requester_pays":false,"retention_policy":[],"rpo":null,"self_link":"https://www.googleapis.com/storage/v1/b/intui-bucket","soft_delete_policy":[{"effective_time":"2024-11-27T17:10:26.780Z","retention_duration_seconds":604800}],"storage_class":"STANDARD","terraform_labels":{"goog-terraform-provisioned":"true"},"timeouts":null,"uniform_bucket_level_access":false,"url":"gs://intui-bucket","versioning":[],"website":[]},"sensitive_attributes":[],"private":"eyJlMmJmYjczMC1lY2FhLTExZTYtOGY4OC0zNDM2M2JjN2M0YzAiOnsiY3JlYXRlIjo2MDAwMDAwMDAwMDAsInJlYWQiOjI0MDAwMDAwMDAwMCwidXBkYXRlIjoyNDAwMDAwMDAwMDB9LCJzY2hlbWFfdmVyc2lvbiI6IjMifQ=="}]},{"mode":"managed","type":"google_storage_bucket_access_control","name":"public_rule","provider":"provider[\"registry.opentofu.org/hashicorp/google\"]","instances":[{"schema_version":0,"attributes":{"bucket":"intui-bucket","domain":"","email":"","entity":"allUsers","id":"intui-bucket/allUsers","role":"READER","timeouts":null},"sensitive_attributes":[],"private":"eyJlMmJmYjczMC1lY2FhLTExZTYtOGY4OC0zNDM2M2JjN2M0YzAiOnsiY3JlYXRlIjoxMjAwMDAwMDAwMDAwLCJkZWxldGUiOjEyMDAwMDAwMDAwMDAsInVwZGF0ZSI6MTIwMDAwMDAwMDAwMH19","dependencies":["google_storage_bucket.intui-bucket"]}]}],"check_results":null}
