{"version":4,"terraform_version":"1.8.3","serial":6,"lineage":"f54682c6-ffc3-bacf-ac18-0ab85b81ac30","outputs":{},"resources":[{"mode":"data","type":"google_iam_policy","name":"noauth","provider":"provider[\"registry.opentofu.org/hashicorp/google\"]","instances":[{"schema_version":0,"attributes":{"audit_config":null,"binding":[{"condition":[],"members":["allUsers"],"role":"roles/run.invoker"}],"id":"3450855414","policy_data":"{\"bindings\":[{\"members\":[\"allUsers\"],\"role\":\"roles/run.invoker\"}]}"},"sensitive_attributes":[]}]},{"mode":"managed","type":"google_storage_bucket","name":"intui-bucket","provider":"provider[\"registry.opentofu.org/hashicorp/google\"]","instances":[{"schema_version":3,"attributes":{"autoclass":[],"cors":[],"custom_placement_config":[],"default_event_based_hold":false,"effective_labels":{"goog-terraform-provisioned":"true"},"enable_object_retention":false,"encryption":[],"force_destroy":false,"hierarchical_namespace":[{"enabled":false}],"id":"intui-bucket","labels":null,"lifecycle_rule":[],"location":"US-CENTRAL1","logging":[],"name":"intui-bucket","project":"intui-443016","project_number":113229149911,"public_access_prevention":"inherited","requester_pays":false,"retention_policy":[],"rpo":null,"self_link":"https://www.googleapis.com/storage/v1/b/intui-bucket","soft_delete_policy":[{"effective_time":"2024-11-27T17:10:26.780Z","retention_duration_seconds":604800}],"storage_class":"STANDARD","terraform_labels":{"goog-terraform-provisioned":"true"},"timeouts":null,"uniform_bucket_level_access":false,"url":"gs://intui-bucket","versioning":[],"website":[]},"sensitive_attributes":[],"private":"eyJlMmJmYjczMC1lY2FhLTExZTYtOGY4OC0zNDM2M2JjN2M0YzAiOnsiY3JlYXRlIjo2MDAwMDAwMDAwMDAsInJlYWQiOjI0MDAwMDAwMDAwMCwidXBkYXRlIjoyNDAwMDAwMDAwMDB9LCJzY2hlbWFfdmVyc2lvbiI6IjMifQ=="}]},{"mode":"managed","type":"google_storage_bucket_access_control","name":"public_rule","provider":"provider[\"registry.opentofu.org/hashicorp/google\"]","instances":[{"schema_version":0,"attributes":{"bucket":"intui-bucket","domain":"","email":"","entity":"allUsers","id":"intui-bucket/allUsers","role":"READER","timeouts":null},"sensitive_attributes":[],"private":"eyJlMmJmYjczMC1lY2FhLTExZTYtOGY4OC0zNDM2M2JjN2M0YzAiOnsiY3JlYXRlIjoxMjAwMDAwMDAwMDAwLCJkZWxldGUiOjEyMDAwMDAwMDAwMDAsInVwZGF0ZSI6MTIwMDAwMDAwMDAwMH19","dependencies":["google_storage_bucket.intui-bucket"]}]}],"check_results":null}
